
Microsoft Visual Studio Solution File, Format Version 12.00
# Visual Studio Version 17
VisualStudioVersion = 17.14.36401.2 d17.14
MinimumVisualStudioVersion = 10.0.40219.1
Project("{FAE04EC0-301F-11D3-BF4B-00C04F79EFBC}") = "server", "server\server.csproj", "{DA287A2C-B978-4DD6-9307-60795B98E0D7}"
EndProject
Global
	GlobalSection(SolutionConfigurationPlatforms) = preSolution
		Debug|Any CPU = Debug|Any CPU
		Release|Any CPU = Release|Any CPU
	EndGlobalSection
	GlobalSection(ProjectConfigurationPlatforms) = postSolution
		{DA287A2C-B978-4DD6-9307-60795B98E0D7}.Debug|Any CPU.ActiveCfg = Debug|Any CPU
		{DA287A2C-B978-4DD6-9307-60795B98E0D7}.Debug|Any CPU.Build.0 = Debug|Any CPU
		{DA287A2C-B978-4DD6-9307-60795B98E0D7}.Release|Any CPU.ActiveCfg = Release|Any CPU
		{DA287A2C-B978-4DD6-9307-60795B98E0D7}.Release|Any CPU.Build.0 = Release|Any CPU
	EndGlobalSection
	GlobalSection(SolutionProperties) = preSolution
		HideSolutionNode = FALSE
	EndGlobalSection
	GlobalSection(ExtensibilityGlobals) = postSolution
		SolutionGuid = {87437940-6A34-427B-9521-3C4B8926D074}
	EndGlobalSection
EndGlobal
